
Microsoft Visual Studio Solution File, Format Version 12.00
# Visual Studio 14
VisualStudioVersion = 14.0.25420.1
MinimumVisualStudioVersion = 10.0.40219.1
Project("{8BC9CEB8-8B4A-11D0-8D11-00A0C91BC942}") = "crbase", "win\crbase\crbase.vcxproj", "{666FF6B5-E41F-41C0-900D-74E9094957EB}"
EndProject
Project("{2150E333-8FDC-42A3-9474-1A3956D46DE8}") = "crbuild", "crbuild", "{679B07F3-EFA4-4D72-B375-55DB72B4F64D}"
	ProjectSection(SolutionItems) = preProject
		win\crbuild\build_config.h = win\crbuild\build_config.h
	EndProjectSection
EndProject
Global
	GlobalSection(SolutionConfigurationPlatforms) = preSolution
		Debug|x64 = Debug|x64
		Debug|x86 = Debug|x86
		Release|x64 = Release|x64
		Release|x86 = Release|x86
	EndGlobalSection
	GlobalSection(ProjectConfigurationPlatforms) = postSolution
		{666FF6B5-E41F-41C0-900D-74E9094957EB}.Debug|x64.ActiveCfg = Debug|x64
		{666FF6B5-E41F-41C0-900D-74E9094957EB}.Debug|x64.Build.0 = Debug|x64
		{666FF6B5-E41F-41C0-900D-74E9094957EB}.Debug|x86.ActiveCfg = Debug|Win32
		{666FF6B5-E41F-41C0-900D-74E9094957EB}.Debug|x86.Build.0 = Debug|Win32
		{666FF6B5-E41F-41C0-900D-74E9094957EB}.Release|x64.ActiveCfg = Release|x64
		{666FF6B5-E41F-41C0-900D-74E9094957EB}.Release|x64.Build.0 = Release|x64
		{666FF6B5-E41F-41C0-900D-74E9094957EB}.Release|x86.ActiveCfg = Release|Win32
		{666FF6B5-E41F-41C0-900D-74E9094957EB}.Release|x86.Build.0 = Release|Win32
	EndGlobalSection
	GlobalSection(SolutionProperties) = preSolution
		HideSolutionNode = FALSE
	EndGlobalSection
EndGlobal
