<?xml version="1.0" encoding="utf-8"?>
<Project ToolsVersion="4.0" xmlns="http://schemas.microsoft.com/developer/msbuild/2003">
  <ItemGroup>
    <ClCompile Include="main.cc" />
    <ClCompile Include="strings\string_piece.cc">
      <Filter>strings</Filter>
    </ClCompile>
    <ClCompile Include="strings\string_split.cc">
      <Filter>strings</Filter>
    </ClCompile>
    <ClCompile Include="strings\string_util.cc">
      <Filter>strings</Filter>
    </ClCompile>
    <ClCompile Include="strings\string_util_constants.cc">
      <Filter>strings</Filter>
    </ClCompile>
    <ClCompile Include="strings\stringprintf.cc">
      <Filter>strings</Filter>
    </ClCompile>
    <ClCompile Include="strings\utf_string_conversions.cc">
      <Filter>strings</Filter>
    </ClCompile>
    <ClCompile Include="third_party\icu\icu_utf.cc">
      <Filter>third_party\icu</Filter>
    </ClCompile>
    <ClCompile Include="strings\utf_string_conversion_utils.cc">
      <Filter>strings</Filter>
    </ClCompile>
    <ClCompile Include="strings\sys_string_conversions.cc">
      <Filter>strings</Filter>
    </ClCompile>
    <ClCompile Include="strings\safe_sprintf.cc">
      <Filter>strings</Filter>
    </ClCompile>
    <ClCompile Include="strings\string_number_conversions.cc">
      <Filter>strings</Filter>
    </ClCompile>
    <ClCompile Include="threading\thread_restrictions.cc">
      <Filter>threading</Filter>
    </ClCompile>
    <ClCompile Include="memory\ref_counted.cc">
      <Filter>memory</Filter>
    </ClCompile>
    <ClCompile Include="third_party\double-conversion\bignum.cc">
      <Filter>third_party\double-conversion</Filter>
    </ClCompile>
    <ClCompile Include="third_party\double-conversion\bignum-dtoa.cc">
      <Filter>third_party\double-conversion</Filter>
    </ClCompile>
    <ClCompile Include="third_party\double-conversion\cached-powers.cc">
      <Filter>third_party\double-conversion</Filter>
    </ClCompile>
    <ClCompile Include="third_party\double-conversion\double-to-string.cc">
      <Filter>third_party\double-conversion</Filter>
    </ClCompile>
    <ClCompile Include="third_party\double-conversion\fast-dtoa.cc">
      <Filter>third_party\double-conversion</Filter>
    </ClCompile>
    <ClCompile Include="third_party\double-conversion\fixed-dtoa.cc">
      <Filter>third_party\double-conversion</Filter>
    </ClCompile>
    <ClCompile Include="third_party\double-conversion\string-to-double.cc">
      <Filter>third_party\double-conversion</Filter>
    </ClCompile>
    <ClCompile Include="third_party\double-conversion\strtod.cc">
      <Filter>third_party\double-conversion</Filter>
    </ClCompile>
    <ClCompile Include="debug\alias.cc">
      <Filter>debug</Filter>
    </ClCompile>
    <ClCompile Include="debug\debugger.cc">
      <Filter>debug</Filter>
    </ClCompile>
    <ClCompile Include="memory\weak_ptr.cc">
      <Filter>memory</Filter>
    </ClCompile>
    <ClCompile Include="synchronization\atomic_flag.cc">
      <Filter>synchronization</Filter>
    </ClCompile>
    <ClCompile Include="synchronization\lock.cc">
      <Filter>synchronization</Filter>
    </ClCompile>
    <ClCompile Include="synchronization\lock_impl.cc">
      <Filter>synchronization</Filter>
    </ClCompile>
    <ClCompile Include="functional\callback_helpers.cc">
      <Filter>functional</Filter>
    </ClCompile>
    <ClCompile Include="functional\callback_internal.cc">
      <Filter>functional</Filter>
    </ClCompile>
    <ClCompile Include="lazy_instance_helpers.cc" />
    <ClCompile Include="at_exit.cc" />
    <ClCompile Include="third_party\nspr\prtime.cc">
      <Filter>third_party\nspr</Filter>
    </ClCompile>
    <ClCompile Include="time\clock.cc">
      <Filter>time</Filter>
    </ClCompile>
    <ClCompile Include="time\default_clock.cc">
      <Filter>time</Filter>
    </ClCompile>
    <ClCompile Include="time\default_tick_clock.cc">
      <Filter>time</Filter>
    </ClCompile>
    <ClCompile Include="time\tick_clock.cc">
      <Filter>time</Filter>
    </ClCompile>
    <ClCompile Include="time\time.cc">
      <Filter>time</Filter>
    </ClCompile>
    <ClCompile Include="time\time_override.cc">
      <Filter>time</Filter>
    </ClCompile>
    <ClCompile Include="time\time_to_iso8601.cc">
      <Filter>time</Filter>
    </ClCompile>
    <ClCompile Include="time\time_win.cc">
      <Filter>time</Filter>
    </ClCompile>
    <ClCompile Include="logging.cc" />
    <ClCompile Include="location.cc" />
    <ClCompile Include="debug\stack_trace.cc">
      <Filter>debug</Filter>
    </ClCompile>
    <ClCompile Include="debug\stack_trace_win.cc">
      <Filter>debug</Filter>
    </ClCompile>
    <ClCompile Include="debug\activity_tracker.cc">
      <Filter>debug</Filter>
    </ClCompile>
    <ClCompile Include="threading\platform_thread.cc">
      <Filter>threading</Filter>
    </ClCompile>
    <ClCompile Include="win\scoped_handle.cc">
      <Filter>win</Filter>
    </ClCompile>
    <ClCompile Include="hash.cc" />
    <ClCompile Include="third_party\superfasthash\superfasthash.c">
      <Filter>third_party\superfasthash</Filter>
    </ClCompile>
    <ClCompile Include="threading\thread_local_storage_win.cc">
      <Filter>threading</Filter>
    </ClCompile>
    <ClCompile Include="threading\thread_local_storage.cc">
      <Filter>threading</Filter>
    </ClCompile>
    <ClCompile Include="threading\post_task_and_reply_impl.cc">
      <Filter>threading</Filter>
    </ClCompile>
    <ClCompile Include="threading\sequenced_task_runner_handle.cc">
      <Filter>threading</Filter>
    </ClCompile>
    <ClCompile Include="observer_list_threadsafe.cc" />
    <ClCompile Include="sequenced_task_runner.cc" />
    <ClCompile Include="task_runner.cc" />
    <ClCompile Include="threading\thread_task_runner_handle.cc">
      <Filter>threading</Filter>
    </ClCompile>
    <ClCompile Include="threading\scoped_blocking_call.cc">
      <Filter>threading</Filter>
    </ClCompile>
    <ClCompile Include="threading\sequence_local_storage_map.cc">
      <Filter>threading</Filter>
    </ClCompile>
    <ClCompile Include="threading\sequence_local_storage_slot.cc">
      <Filter>threading</Filter>
    </ClCompile>
    <ClCompile Include="threading\simple_thread.cc">
      <Filter>threading</Filter>
    </ClCompile>
    <ClCompile Include="threading\thread.cc">
      <Filter>threading</Filter>
    </ClCompile>
    <ClCompile Include="threading\thread_checker_impl.cc">
      <Filter>threading</Filter>
    </ClCompile>
    <ClCompile Include="threading\thread_collision_warner.cc">
      <Filter>threading</Filter>
    </ClCompile>
    <ClCompile Include="threading\watchdog.cc">
      <Filter>threading</Filter>
    </ClCompile>
    <ClCompile Include="threading\thread_id_name_manager.cc">
      <Filter>threading</Filter>
    </ClCompile>
    <ClCompile Include="files\file.cc">
      <Filter>files</Filter>
    </ClCompile>
    <ClCompile Include="files\file_enumerator.cc">
      <Filter>files</Filter>
    </ClCompile>
    <ClCompile Include="files\file_enumerator_win.cc">
      <Filter>files</Filter>
    </ClCompile>
    <ClCompile Include="files\file_path.cc">
      <Filter>files</Filter>
    </ClCompile>
    <ClCompile Include="files\file_path_constants.cc">
      <Filter>files</Filter>
    </ClCompile>
    <ClCompile Include="files\file_path_watcher.cc">
      <Filter>files</Filter>
    </ClCompile>
    <ClCompile Include="files\file_path_watcher_win.cc">
      <Filter>files</Filter>
    </ClCompile>
    <ClCompile Include="files\file_proxy.cc">
      <Filter>files</Filter>
    </ClCompile>
    <ClCompile Include="files\file_tracing.cc">
      <Filter>files</Filter>
    </ClCompile>
    <ClCompile Include="files\file_util.cc">
      <Filter>files</Filter>
    </ClCompile>
    <ClCompile Include="files\file_util_win.cc">
      <Filter>files</Filter>
    </ClCompile>
    <ClCompile Include="files\file_win.cc">
      <Filter>files</Filter>
    </ClCompile>
    <ClCompile Include="files\important_file_writer.cc">
      <Filter>files</Filter>
    </ClCompile>
    <ClCompile Include="files\memory_mapped_file.cc">
      <Filter>files</Filter>
    </ClCompile>
    <ClCompile Include="files\memory_mapped_file_win.cc">
      <Filter>files</Filter>
    </ClCompile>
    <ClCompile Include="files\scoped_temp_dir.cc">
      <Filter>files</Filter>
    </ClCompile>
    <ClCompile Include="pickle.cc" />
    <ClCompile Include="sequence_checker_impl.cc" />
    <ClCompile Include="sequence_token.cc" />
    <ClCompile Include="win\scoped_com_initializer.cc">
      <Filter>win</Filter>
    </ClCompile>
    <ClCompile Include="message_loop\incoming_task_queue.cc">
      <Filter>messagel_loop</Filter>
    </ClCompile>
    <ClCompile Include="message_loop\message_loop.cc">
      <Filter>messagel_loop</Filter>
    </ClCompile>
    <ClCompile Include="message_loop\message_loop_current.cc">
      <Filter>messagel_loop</Filter>
    </ClCompile>
    <ClCompile Include="message_loop\message_loop_task_runner.cc">
      <Filter>messagel_loop</Filter>
    </ClCompile>
    <ClCompile Include="message_loop\message_pump.cc">
      <Filter>messagel_loop</Filter>
    </ClCompile>
    <ClCompile Include="message_loop\message_pump_default.cc">
      <Filter>messagel_loop</Filter>
    </ClCompile>
    <ClCompile Include="message_loop\message_pump_win.cc">
      <Filter>messagel_loop</Filter>
    </ClCompile>
    <ClCompile Include="pending_task.cc" />
    <ClCompile Include="win\object_watcher.cc">
      <Filter>win</Filter>
    </ClCompile>
    <ClCompile Include="win\registry.cc">
      <Filter>win</Filter>
    </ClCompile>
    <ClCompile Include="rand_util_win.cc" />
    <ClCompile Include="rand_util.cc" />
    <ClCompile Include="process\process_handle.cc">
      <Filter>process</Filter>
    </ClCompile>
    <ClCompile Include="process\process_handle_win.cc">
      <Filter>process</Filter>
    </ClCompile>
    <ClCompile Include="version.cc" />
    <ClCompile Include="file_version_info_win.cc" />
    <ClCompile Include="win\windows_version.cc">
      <Filter>win</Filter>
    </ClCompile>
    <ClCompile Include="synchronization\condition_variable.cc">
      <Filter>synchronization</Filter>
    </ClCompile>
    <ClCompile Include="synchronization\waitable_event.cc">
      <Filter>synchronization</Filter>
    </ClCompile>
    <ClCompile Include="synchronization\waitable_event_watcher.cc">
      <Filter>synchronization</Filter>
    </ClCompile>
    <ClCompile Include="debug\task_annotator.cc">
      <Filter>debug</Filter>
    </ClCompile>
    <ClCompile Include="timer\elapsed_timer.cc">
      <Filter>timer</Filter>
    </ClCompile>
    <ClCompile Include="timer\hi_res_timer_manager.cc">
      <Filter>timer</Filter>
    </ClCompile>
    <ClCompile Include="timer\timer.cc">
      <Filter>timer</Filter>
    </ClCompile>
    <ClCompile Include="run_loop.cc" />
    <ClCompile Include="cpu.cc" />
    <ClCompile Include="win\message_window.cc">
      <Filter>win</Filter>
    </ClCompile>
    <ClCompile Include="win\shortcut.cc">
      <Filter>win</Filter>
    </ClCompile>
    <ClCompile Include="win\win_util.cc">
      <Filter>win</Filter>
    </ClCompile>
    <ClCompile Include="win\wrapped_window_proc.cc">
      <Filter>win</Filter>
    </ClCompile>
    <ClCompile Include="guid.cc" />
    <ClCompile Include="system\sys_info.cc">
      <Filter>system</Filter>
    </ClCompile>
    <ClCompile Include="system\sys_info_win.cc">
      <Filter>system</Filter>
    </ClCompile>
    <ClCompile Include="process\process_metrics.cc">
      <Filter>process</Filter>
    </ClCompile>
    <ClCompile Include="process\process_metrics_win.cc">
      <Filter>process</Filter>
    </ClCompile>
    <ClCompile Include="process\memory.cc">
      <Filter>process</Filter>
    </ClCompile>
    <ClCompile Include="process\memory_win.cc">
      <Filter>process</Filter>
    </ClCompile>
    <ClCompile Include="values.cc" />
    <ClCompile Include="value_iterators.cc" />
    <ClCompile Include="json\json_parser.cc">
      <Filter>json</Filter>
    </ClCompile>
    <ClCompile Include="json\json_writer.cc">
      <Filter>json</Filter>
    </ClCompile>
    <ClCompile Include="json\string_escape.cc">
      <Filter>json</Filter>
    </ClCompile>
    <ClCompile Include="power_monitor\power_monitor.cc">
      <Filter>power_monitor</Filter>
    </ClCompile>
    <ClCompile Include="power_monitor\power_monitor_device_source_win.cc">
      <Filter>power_monitor</Filter>
    </ClCompile>
    <ClCompile Include="power_monitor\power_monitor_source.cc">
      <Filter>power_monitor</Filter>
    </ClCompile>
    <ClCompile Include="power_monitor\power_monitor_device_source.cc">
      <Filter>power_monitor</Filter>
    </ClCompile>
    <ClCompile Include="crypto\md5.cc">
      <Filter>crypto</Filter>
    </ClCompile>
    <ClCompile Include="crypto\sha1.cc">
      <Filter>crypto</Filter>
    </ClCompile>
    <ClCompile Include="crypto\sha2.cc">
      <Filter>crypto</Filter>
    </ClCompile>
    <ClCompile Include="win\resource_util.cc">
      <Filter>win</Filter>
    </ClCompile>
    <ClCompile Include="win\scoped_native_library.cc">
      <Filter>win</Filter>
    </ClCompile>
    <ClCompile Include="win\scoped_hstring.cc">
      <Filter>win</Filter>
    </ClCompile>
    <ClCompile Include="win\native_library.cc">
      <Filter>win</Filter>
    </ClCompile>
    <ClCompile Include="win\core_winrt_util.cc">
      <Filter>win</Filter>
    </ClCompile>
    <ClCompile Include="win\import_lib.cc">
      <Filter>win</Filter>
    </ClCompile>
    <ClCompile Include="win\scoped_handle_verifier.cc">
      <Filter>win</Filter>
    </ClCompile>
    <ClCompile Include="endecode\base64.cc">
      <Filter>endecode</Filter>
    </ClCompile>
    <ClCompile Include="endecode\base64url.cc">
      <Filter>endecode</Filter>
    </ClCompile>
    <ClCompile Include="third_party\modp_b64\modp_b64.cc">
      <Filter>third_party\modp_b64</Filter>
    </ClCompile>
    <ClCompile Include="json\json_reader.cc">
      <Filter>json</Filter>
    </ClCompile>
    <ClCompile Include="command_line.cc" />
    <ClCompile Include="base_paths.cc" />
    <ClCompile Include="base_paths_win.cc" />
    <ClCompile Include="environment.cc" />
    <ClCompile Include="path_service.cc" />
    <ClCompile Include="process\kill.cc">
      <Filter>process</Filter>
    </ClCompile>
    <ClCompile Include="process\kill_win.cc">
      <Filter>process</Filter>
    </ClCompile>
    <ClCompile Include="process\launch.cc">
      <Filter>process</Filter>
    </ClCompile>
    <ClCompile Include="process\launch_win.cc">
      <Filter>process</Filter>
    </ClCompile>
    <ClCompile Include="process\process_info.cc">
      <Filter>process</Filter>
    </ClCompile>
    <ClCompile Include="process\process_iterator.cc">
      <Filter>process</Filter>
    </ClCompile>
    <ClCompile Include="process\process_iterator_win.cc">
      <Filter>process</Filter>
    </ClCompile>
    <ClCompile Include="process\process_win.cc">
      <Filter>process</Filter>
    </ClCompile>
    <ClCompile Include="win\scoped_process_information.cc">
      <Filter>win</Filter>
    </ClCompile>
    <ClCompile Include="win\startup_information.cc">
      <Filter>win</Filter>
    </ClCompile>
    <ClCompile Include="functional\barrier_closure.cc">
      <Filter>functional</Filter>
    </ClCompile>
    <ClCompile Include="task_scheduler\task_traits.cc">
      <Filter>task_scheduler</Filter>
    </ClCompile>
    <ClCompile Include="task_scheduler\task_scheduler.cc">
      <Filter>task_scheduler</Filter>
    </ClCompile>
    <ClCompile Include="task_scheduler\task_scheduler_impl.cc">
      <Filter>task_scheduler</Filter>
    </ClCompile>
    <ClCompile Include="task_scheduler\post_task.cc">
      <Filter>task_scheduler</Filter>
    </ClCompile>
    <ClCompile Include="task_scheduler\delayed_task_manager.cc">
      <Filter>task_scheduler</Filter>
    </ClCompile>
    <ClCompile Include="task_scheduler\environment_config.cc">
      <Filter>task_scheduler</Filter>
    </ClCompile>
    <ClCompile Include="task_scheduler\initialization_util.cc">
      <Filter>task_scheduler</Filter>
    </ClCompile>
    <ClCompile Include="task_scheduler\lazy_task_runner.cc">
      <Filter>task_scheduler</Filter>
    </ClCompile>
    <ClCompile Include="task_scheduler\platform_native_worker_pool_win.cc">
      <Filter>task_scheduler</Filter>
    </ClCompile>
    <ClCompile Include="task_scheduler\priority_queue.cc">
      <Filter>task_scheduler</Filter>
    </ClCompile>
    <ClCompile Include="task_scheduler\scheduler_lock_impl.cc">
      <Filter>task_scheduler</Filter>
    </ClCompile>
    <ClCompile Include="task_scheduler\scheduler_single_thread_task_runner_manager.cc">
      <Filter>task_scheduler</Filter>
    </ClCompile>
    <ClCompile Include="task_scheduler\scheduler_worker.cc">
      <Filter>task_scheduler</Filter>
    </ClCompile>
    <ClCompile Include="task_scheduler\scheduler_worker_pool.cc">
      <Filter>task_scheduler</Filter>
    </ClCompile>
    <ClCompile Include="task_scheduler\scheduler_worker_pool_impl.cc">
      <Filter>task_scheduler</Filter>
    </ClCompile>
    <ClCompile Include="task_scheduler\scheduler_worker_pool_params.cc">
      <Filter>task_scheduler</Filter>
    </ClCompile>
    <ClCompile Include="task_scheduler\scheduler_worker_stack.cc">
      <Filter>task_scheduler</Filter>
    </ClCompile>
    <ClCompile Include="task_scheduler\scoped_set_task_priority_for_current_thread.cc">
      <Filter>task_scheduler</Filter>
    </ClCompile>
    <ClCompile Include="task_scheduler\sequence.cc">
      <Filter>task_scheduler</Filter>
    </ClCompile>
    <ClCompile Include="task_scheduler\sequence_sort_key.cc">
      <Filter>task_scheduler</Filter>
    </ClCompile>
    <ClCompile Include="task_scheduler\service_thread.cc">
      <Filter>task_scheduler</Filter>
    </ClCompile>
    <ClCompile Include="task_scheduler\task.cc">
      <Filter>task_scheduler</Filter>
    </ClCompile>
    <ClCompile Include="win\com_init_check_hook.cc">
      <Filter>win</Filter>
    </ClCompile>
    <ClCompile Include="win\com_init_util.cc">
      <Filter>win</Filter>
    </ClCompile>
    <ClCompile Include="win\scoped_winrt_initializer.cc">
      <Filter>win</Filter>
    </ClCompile>
    <ClCompile Include="task_scheduler\task_tracker.cc">
      <Filter>task_scheduler</Filter>
    </ClCompile>
  </ItemGroup>
  <ItemGroup>
    <ClInclude Include="base_export.h" />
    <ClInclude Include="atomic\atomicops.h">
      <Filter>atomic</Filter>
    </ClInclude>
    <ClInclude Include="win\windows_types.h">
      <Filter>win</Filter>
    </ClInclude>
    <ClInclude Include="atomic\atomic_ref_count.h">
      <Filter>atomic</Filter>
    </ClInclude>
    <ClInclude Include="atomic\atomic_sequence_num.h">
      <Filter>atomic</Filter>
    </ClInclude>
    <ClInclude Include="strings\string_piece.h">
      <Filter>strings</Filter>
    </ClInclude>
    <ClInclude Include="strings\string_piece_forward.h">
      <Filter>strings</Filter>
    </ClInclude>
    <ClInclude Include="strings\string16.h">
      <Filter>strings</Filter>
    </ClInclude>
    <ClInclude Include="strings\char_traits.h">
      <Filter>strings</Filter>
    </ClInclude>
    <ClInclude Include="compiler_specific.h" />
    <ClInclude Include="memory\scoped_refptr.h">
      <Filter>memory</Filter>
    </ClInclude>
    <ClInclude Include="macros.h" />
    <ClInclude Include="strings\string_split.h">
      <Filter>strings</Filter>
    </ClInclude>
    <ClInclude Include="strings\string_util.h">
      <Filter>strings</Filter>
    </ClInclude>
    <ClInclude Include="strings\stringprintf.h">
      <Filter>strings</Filter>
    </ClInclude>
    <ClInclude Include="strings\utf_string_conversions.h">
      <Filter>strings</Filter>
    </ClInclude>
    <ClInclude Include="third_party\icu\icu_utf.h">
      <Filter>third_party\icu</Filter>
    </ClInclude>
    <ClInclude Include="strings\utf_string_conversion_utils.h">
      <Filter>strings</Filter>
    </ClInclude>
    <ClInclude Include="strings\sys_string_conversions.h">
      <Filter>strings</Filter>
    </ClInclude>
    <ClInclude Include="strings\stringize_macros.h">
      <Filter>strings</Filter>
    </ClInclude>
    <ClInclude Include="win\nominmax.h">
      <Filter>win</Filter>
    </ClInclude>
    <ClInclude Include="strings\string_tokenizer.h">
      <Filter>strings</Filter>
    </ClInclude>
    <ClInclude Include="strings\safe_sprintf.h">
      <Filter>strings</Filter>
    </ClInclude>
    <ClInclude Include="numerics\checked_math.h">
      <Filter>numerics</Filter>
    </ClInclude>
    <ClInclude Include="numerics\checked_math_impl.h">
      <Filter>numerics</Filter>
    </ClInclude>
    <ClInclude Include="numerics\clamped_math.h">
      <Filter>numerics</Filter>
    </ClInclude>
    <ClInclude Include="numerics\clamped_math_impl.h">
      <Filter>numerics</Filter>
    </ClInclude>
    <ClInclude Include="numerics\math_constants.h">
      <Filter>numerics</Filter>
    </ClInclude>
    <ClInclude Include="numerics\ranges.h">
      <Filter>numerics</Filter>
    </ClInclude>
    <ClInclude Include="numerics\safe_conversions.h">
      <Filter>numerics</Filter>
    </ClInclude>
    <ClInclude Include="numerics\safe_conversions_impl.h">
      <Filter>numerics</Filter>
    </ClInclude>
    <ClInclude Include="numerics\safe_math.h">
      <Filter>numerics</Filter>
    </ClInclude>
    <ClInclude Include="numerics\safe_math_clang_gcc_impl.h">
      <Filter>numerics</Filter>
    </ClInclude>
    <ClInclude Include="numerics\safe_math_shared_impl.h">
      <Filter>numerics</Filter>
    </ClInclude>
    <ClInclude Include="strings\string_number_conversions.h">
      <Filter>strings</Filter>
    </ClInclude>
    <ClInclude Include="template_util.h" />
    <ClInclude Include="optional.h" />
    <ClInclude Include="threading\thread_restrictions.h">
      <Filter>threading</Filter>
    </ClInclude>
    <ClInclude Include="memory\ref_counted.h">
      <Filter>memory</Filter>
    </ClInclude>
    <ClInclude Include="third_party\double-conversion\bignum.h">
      <Filter>third_party\double-conversion</Filter>
    </ClInclude>
    <ClInclude Include="third_party\double-conversion\bignum-dtoa.h">
      <Filter>third_party\double-conversion</Filter>
    </ClInclude>
    <ClInclude Include="third_party\double-conversion\cached-powers.h">
      <Filter>third_party\double-conversion</Filter>
    </ClInclude>
    <ClInclude Include="third_party\double-conversion\diy-fp.h">
      <Filter>third_party\double-conversion</Filter>
    </ClInclude>
    <ClInclude Include="third_party\double-conversion\double-conversion.h">
      <Filter>third_party\double-conversion</Filter>
    </ClInclude>
    <ClInclude Include="third_party\double-conversion\double-to-string.h">
      <Filter>third_party\double-conversion</Filter>
    </ClInclude>
    <ClInclude Include="third_party\double-conversion\fast-dtoa.h">
      <Filter>third_party\double-conversion</Filter>
    </ClInclude>
    <ClInclude Include="third_party\double-conversion\fixed-dtoa.h">
      <Filter>third_party\double-conversion</Filter>
    </ClInclude>
    <ClInclude Include="third_party\double-conversion\ieee.h">
      <Filter>third_party\double-conversion</Filter>
    </ClInclude>
    <ClInclude Include="third_party\double-conversion\string-to-double.h">
      <Filter>third_party\double-conversion</Filter>
    </ClInclude>
    <ClInclude Include="third_party\double-conversion\strtod.h">
      <Filter>third_party\double-conversion</Filter>
    </ClInclude>
    <ClInclude Include="third_party\double-conversion\utils.h">
      <Filter>third_party\double-conversion</Filter>
    </ClInclude>
    <ClInclude Include="debug\alias.h">
      <Filter>debug</Filter>
    </ClInclude>
    <ClInclude Include="debug\debugger.h">
      <Filter>debug</Filter>
    </ClInclude>
    <ClInclude Include="debug\stack_trace.h">
      <Filter>debug</Filter>
    </ClInclude>
    <ClInclude Include="memory\ptr_util.h">
      <Filter>memory</Filter>
    </ClInclude>
    <ClInclude Include="memory\weak_ptr.h">
      <Filter>memory</Filter>
    </ClInclude>
    <ClInclude Include="synchronization\atomic_flag.h">
      <Filter>synchronization</Filter>
    </ClInclude>
    <ClInclude Include="synchronization\lock.h">
      <Filter>synchronization</Filter>
    </ClInclude>
    <ClInclude Include="synchronization\lock_impl.h">
      <Filter>synchronization</Filter>
    </ClInclude>
    <ClInclude Include="functional\bind.h">
      <Filter>functional</Filter>
    </ClInclude>
    <ClInclude Include="functional\bind_helpers.h">
      <Filter>functional</Filter>
    </ClInclude>
    <ClInclude Include="functional\bind_internal.h">
      <Filter>functional</Filter>
    </ClInclude>
    <ClInclude Include="functional\callback_forward.h">
      <Filter>functional</Filter>
    </ClInclude>
    <ClInclude Include="functional\callback_helpers.h">
      <Filter>functional</Filter>
    </ClInclude>
    <ClInclude Include="functional\callback_internal.h">
      <Filter>functional</Filter>
    </ClInclude>
    <ClInclude Include="functional\callback.h">
      <Filter>functional</Filter>
    </ClInclude>
    <ClInclude Include="functional\callback_list.h">
      <Filter>functional</Filter>
    </ClInclude>
    <ClInclude Include="functional\cancelable_callback.h">
      <Filter>functional</Filter>
    </ClInclude>
    <ClInclude Include="memory\raw_scoped_refptr_mismatch_checker.h">
      <Filter>functional</Filter>
    </ClInclude>
    <ClInclude Include="lazy_instance_helpers.h" />
    <ClInclude Include="at_exit.h" />
    <ClInclude Include="third_party\nspr\prtime.h">
      <Filter>third_party\nspr</Filter>
    </ClInclude>
    <ClInclude Include="time\clock.h">
      <Filter>time</Filter>
    </ClInclude>
    <ClInclude Include="time\default_clock.h">
      <Filter>time</Filter>
    </ClInclude>
    <ClInclude Include="time\default_tick_clock.h">
      <Filter>time</Filter>
    </ClInclude>
    <ClInclude Include="time\tick_clock.h">
      <Filter>time</Filter>
    </ClInclude>
    <ClInclude Include="time\time.h">
      <Filter>time</Filter>
    </ClInclude>
    <ClInclude Include="time\time_override.h">
      <Filter>time</Filter>
    </ClInclude>
    <ClInclude Include="time\time_to_iso8601.h">
      <Filter>time</Filter>
    </ClInclude>
    <ClInclude Include="lazy_instance.h" />
    <ClInclude Include="no_destructor.h" />
    <ClInclude Include="containers\circular_deque.h">
      <Filter>containers</Filter>
    </ClInclude>
    <ClInclude Include="containers\stack.h">
      <Filter>containers</Filter>
    </ClInclude>
    <ClInclude Include="containers\vector_buffer.h">
      <Filter>containers</Filter>
    </ClInclude>
    <ClInclude Include="logging.h" />
    <ClInclude Include="location.h" />
    <ClInclude Include="debug\activity_tracker.h">
      <Filter>debug</Filter>
    </ClInclude>
    <ClInclude Include="memory\singleton.h">
      <Filter>memory</Filter>
    </ClInclude>
    <ClInclude Include="threading\platform_thread.h">
      <Filter>threading</Filter>
    </ClInclude>
    <ClInclude Include="win\scoped_handle.h">
      <Filter>win</Filter>
    </ClInclude>
    <ClInclude Include="win\scoped_handle_verifier.h">
      <Filter>win</Filter>
    </ClInclude>
    <ClInclude Include="hash.h" />
    <ClInclude Include="threading\thread_local.h">
      <Filter>threading</Filter>
    </ClInclude>
    <ClInclude Include="threading\thread_local_storage.h">
      <Filter>threading</Filter>
    </ClInclude>
    <ClInclude Include="threading\post_task_and_reply_impl.h">
      <Filter>threading</Filter>
    </ClInclude>
    <ClInclude Include="threading\sequenced_task_runner_handle.h">
      <Filter>threading</Filter>
    </ClInclude>
    <ClInclude Include="observer_list.h" />
    <ClInclude Include="observer_list_threadsafe.h" />
    <ClInclude Include="sequenced_task_runner.h" />
    <ClInclude Include="sequenced_task_runner_helpers.h" />
    <ClInclude Include="task_runner.h" />
    <ClInclude Include="task_runner_util.h" />
    <ClInclude Include="post_task_and_reply_with_result_internal.h" />
    <ClInclude Include="threading\thread_task_runner_handle.h">
      <Filter>threading</Filter>
    </ClInclude>
    <ClInclude Include="single_thread_task_runner.h" />
    <ClInclude Include="threading\scoped_blocking_call.h">
      <Filter>threading</Filter>
    </ClInclude>
    <ClInclude Include="threading\sequence_local_storage_map.h">
      <Filter>threading</Filter>
    </ClInclude>
    <ClInclude Include="threading\sequence_local_storage_slot.h">
      <Filter>threading</Filter>
    </ClInclude>
    <ClInclude Include="threading\simple_thread.h">
      <Filter>threading</Filter>
    </ClInclude>
    <ClInclude Include="threading\thread.h">
      <Filter>threading</Filter>
    </ClInclude>
    <ClInclude Include="threading\thread_checker.h">
      <Filter>threading</Filter>
    </ClInclude>
    <ClInclude Include="threading\thread_checker_impl.h">
      <Filter>threading</Filter>
    </ClInclude>
    <ClInclude Include="threading\thread_collision_warner.h">
      <Filter>threading</Filter>
    </ClInclude>
    <ClInclude Include="threading\watchdog.h">
      <Filter>threading</Filter>
    </ClInclude>
    <ClInclude Include="threading\thread_id_name_manager.h">
      <Filter>threading</Filter>
    </ClInclude>
    <ClInclude Include="files\file.h">
      <Filter>files</Filter>
    </ClInclude>
    <ClInclude Include="files\file_enumerator.h">
      <Filter>files</Filter>
    </ClInclude>
    <ClInclude Include="files\file_path.h">
      <Filter>files</Filter>
    </ClInclude>
    <ClInclude Include="files\file_path_watcher.h">
      <Filter>files</Filter>
    </ClInclude>
    <ClInclude Include="files\file_proxy.h">
      <Filter>files</Filter>
    </ClInclude>
    <ClInclude Include="files\file_tracing.h">
      <Filter>files</Filter>
    </ClInclude>
    <ClInclude Include="files\file_util.h">
      <Filter>files</Filter>
    </ClInclude>
    <ClInclude Include="files\important_file_writer.h">
      <Filter>files</Filter>
    </ClInclude>
    <ClInclude Include="files\memory_mapped_file.h">
      <Filter>files</Filter>
    </ClInclude>
    <ClInclude Include="files\platform_file.h">
      <Filter>files</Filter>
    </ClInclude>
    <ClInclude Include="files\scoped_file.h">
      <Filter>files</Filter>
    </ClInclude>
    <ClInclude Include="files\scoped_temp_dir.h">
      <Filter>files</Filter>
    </ClInclude>
    <ClInclude Include="scoped_generic.h" />
    <ClInclude Include="pickle.h" />
    <ClInclude Include="bits.h" />
    <ClInclude Include="functional\critical_closure.h">
      <Filter>functional</Filter>
    </ClInclude>
    <ClInclude Include="sequence_checker.h" />
    <ClInclude Include="sequence_checker_impl.h" />
    <ClInclude Include="sequence_token.h" />
    <ClInclude Include="win\scoped_com_initializer.h">
      <Filter>win</Filter>
    </ClInclude>
    <ClInclude Include="win\scoped_windows_thread_environment.h">
      <Filter>win</Filter>
    </ClInclude>
    <ClInclude Include="message_loop\incoming_task_queue.h">
      <Filter>messagel_loop</Filter>
    </ClInclude>
    <ClInclude Include="message_loop\message_loop.h">
      <Filter>messagel_loop</Filter>
    </ClInclude>
    <ClInclude Include="message_loop\message_loop_current.h">
      <Filter>messagel_loop</Filter>
    </ClInclude>
    <ClInclude Include="message_loop\message_loop_task_runner.h">
      <Filter>messagel_loop</Filter>
    </ClInclude>
    <ClInclude Include="message_loop\message_pump.h">
      <Filter>messagel_loop</Filter>
    </ClInclude>
    <ClInclude Include="message_loop\message_pump_default.h">
      <Filter>messagel_loop</Filter>
    </ClInclude>
    <ClInclude Include="message_loop\message_pump_win.h">
      <Filter>messagel_loop</Filter>
    </ClInclude>
    <ClInclude Include="message_loop\timer_slack.h">
      <Filter>messagel_loop</Filter>
    </ClInclude>
    <ClInclude Include="message_loop\message_pump_for_io.h">
      <Filter>messagel_loop</Filter>
    </ClInclude>
    <ClInclude Include="message_loop\message_pump_for_ui.h">
      <Filter>messagel_loop</Filter>
    </ClInclude>
    <ClInclude Include="containers\flat_map.h">
      <Filter>containers</Filter>
    </ClInclude>
    <ClInclude Include="containers\queue.h">
      <Filter>containers</Filter>
    </ClInclude>
    <ClInclude Include="containers\flat_tree.h">
      <Filter>containers</Filter>
    </ClInclude>
    <ClInclude Include="pending_task.h" />
    <ClInclude Include="bit_cast.h" />
    <ClInclude Include="win\object_watcher.h">
      <Filter>win</Filter>
    </ClInclude>
    <ClInclude Include="win\registry.h">
      <Filter>win</Filter>
    </ClInclude>
    <ClInclude Include="rand_util.h" />
    <ClInclude Include="process\process.h">
      <Filter>process</Filter>
    </ClInclude>
    <ClInclude Include="process\process_handle.h">
      <Filter>process</Filter>
    </ClInclude>
    <ClInclude Include="version.h" />
    <ClInclude Include="file_version_info.h" />
    <ClInclude Include="file_version_info_win.h" />
    <ClInclude Include="win\windows_version.h">
      <Filter>win</Filter>
    </ClInclude>
    <ClInclude Include="synchronization\cancellation_flag.h">
      <Filter>synchronization</Filter>
    </ClInclude>
    <ClInclude Include="synchronization\condition_variable.h">
      <Filter>synchronization</Filter>
    </ClInclude>
    <ClInclude Include="synchronization\spin_wait.h">
      <Filter>synchronization</Filter>
    </ClInclude>
    <ClInclude Include="synchronization\waitable_event.h">
      <Filter>synchronization</Filter>
    </ClInclude>
    <ClInclude Include="synchronization\waitable_event_watcher.h">
      <Filter>synchronization</Filter>
    </ClInclude>
    <ClInclude Include="stl_util.h" />
    <ClInclude Include="debug\task_annotator.h">
      <Filter>debug</Filter>
    </ClInclude>
    <ClInclude Include="timer\elapsed_timer.h">
      <Filter>timer</Filter>
    </ClInclude>
    <ClInclude Include="timer\hi_res_timer_manager.h">
      <Filter>timer</Filter>
    </ClInclude>
    <ClInclude Include="timer\timer.h">
      <Filter>timer</Filter>
    </ClInclude>
    <ClInclude Include="run_loop.h" />
    <ClInclude Include="cpu.h" />
    <ClInclude Include="win\message_window.h">
      <Filter>win</Filter>
    </ClInclude>
    <ClInclude Include="win\shortcut.h">
      <Filter>win</Filter>
    </ClInclude>
    <ClInclude Include="win\win_util.h">
      <Filter>win</Filter>
    </ClInclude>
    <ClInclude Include="win\wrapped_window_proc.h">
      <Filter>win</Filter>
    </ClInclude>
    <ClInclude Include="win\current_module.h">
      <Filter>win</Filter>
    </ClInclude>
    <ClInclude Include="auto_reset.h" />
    <ClInclude Include="guid.h" />
    <ClInclude Include="system\sys_info.h">
      <Filter>system</Filter>
    </ClInclude>
    <ClInclude Include="system\sys_info_internal.h">
      <Filter>system</Filter>
    </ClInclude>
    <ClInclude Include="process\process_metrics.h">
      <Filter>process</Filter>
    </ClInclude>
    <ClInclude Include="process\memory.h">
      <Filter>process</Filter>
    </ClInclude>
    <ClInclude Include="process\process_metrics_iocounters.h">
      <Filter>process</Filter>
    </ClInclude>
    <ClInclude Include="values.h" />
    <ClInclude Include="value_iterators.h" />
    <ClInclude Include="json\json_parser.h">
      <Filter>json</Filter>
    </ClInclude>
    <ClInclude Include="json\json_writer.h">
      <Filter>json</Filter>
    </ClInclude>
    <ClInclude Include="json\string_escape.h">
      <Filter>json</Filter>
    </ClInclude>
    <ClInclude Include="containers\span.h">
      <Filter>containers</Filter>
    </ClInclude>
    <ClInclude Include="power_monitor\power_observer.h">
      <Filter>power_monitor</Filter>
    </ClInclude>
    <ClInclude Include="power_monitor\power_monitor.h">
      <Filter>power_monitor</Filter>
    </ClInclude>
    <ClInclude Include="power_monitor\power_monitor_source.h">
      <Filter>power_monitor</Filter>
    </ClInclude>
    <ClInclude Include="power_monitor\power_monitor_device_source.h">
      <Filter>power_monitor</Filter>
    </ClInclude>
    <ClInclude Include="crypto\md5.h">
      <Filter>crypto</Filter>
    </ClInclude>
    <ClInclude Include="crypto\sha1.h">
      <Filter>crypto</Filter>
    </ClInclude>
    <ClInclude Include="crypto\sha2.h">
      <Filter>crypto</Filter>
    </ClInclude>
    <ClInclude Include="win\resource_util.h">
      <Filter>win</Filter>
    </ClInclude>
    <ClInclude Include="win\scoped_propvariant.h">
      <Filter>win</Filter>
    </ClInclude>
    <ClInclude Include="win\win_client_metrics.h">
      <Filter>win</Filter>
    </ClInclude>
    <ClInclude Include="win\scoped_native_library.h">
      <Filter>win</Filter>
    </ClInclude>
    <ClInclude Include="win\scoped_hstring.h">
      <Filter>win</Filter>
    </ClInclude>
    <ClInclude Include="win\native_library.h">
      <Filter>win</Filter>
    </ClInclude>
    <ClInclude Include="win\scoped_co_mem.h">
      <Filter>win</Filter>
    </ClInclude>
    <ClInclude Include="win\core_winrt_util.h">
      <Filter>win</Filter>
    </ClInclude>
    <ClInclude Include="endecode\base64.h">
      <Filter>endecode</Filter>
    </ClInclude>
    <ClInclude Include="endecode\base64url.h">
      <Filter>endecode</Filter>
    </ClInclude>
    <ClInclude Include="third_party\modp_b64\modp_b64.h">
      <Filter>third_party\modp_b64</Filter>
    </ClInclude>
    <ClInclude Include="third_party\modp_b64\modp_b64_data.h">
      <Filter>third_party\modp_b64</Filter>
    </ClInclude>
    <ClInclude Include="sys_byteorder.h" />
    <ClInclude Include="json\json_reader.h">
      <Filter>json</Filter>
    </ClInclude>
    <ClInclude Include="command_line.h" />
    <ClInclude Include="base_paths.h" />
    <ClInclude Include="base_paths_win.h" />
    <ClInclude Include="environment.h" />
    <ClInclude Include="path_service.h" />
    <ClInclude Include="process\kill.h">
      <Filter>process</Filter>
    </ClInclude>
    <ClInclude Include="process\launch.h">
      <Filter>process</Filter>
    </ClInclude>
    <ClInclude Include="process\process_info.h">
      <Filter>process</Filter>
    </ClInclude>
    <ClInclude Include="process\process_iterator.h">
      <Filter>process</Filter>
    </ClInclude>
    <ClInclude Include="win\scoped_process_information.h">
      <Filter>win</Filter>
    </ClInclude>
    <ClInclude Include="win\startup_information.h">
      <Filter>win</Filter>
    </ClInclude>
    <ClInclude Include="functional\barrier_closure.h">
      <Filter>functional</Filter>
    </ClInclude>
    <ClInclude Include="task_scheduler\task_traits.h">
      <Filter>task_scheduler</Filter>
    </ClInclude>
    <ClInclude Include="task_scheduler\task_traits_details.h">
      <Filter>task_scheduler</Filter>
    </ClInclude>
    <ClInclude Include="task_scheduler\task_scheduler.h">
      <Filter>task_scheduler</Filter>
    </ClInclude>
    <ClInclude Include="task_scheduler\task_scheduler_impl.h">
      <Filter>task_scheduler</Filter>
    </ClInclude>
    <ClInclude Include="task_scheduler\post_task.h">
      <Filter>task_scheduler</Filter>
    </ClInclude>
    <ClInclude Include="task_scheduler\can_schedule_sequence_observer.h">
      <Filter>task_scheduler</Filter>
    </ClInclude>
    <ClInclude Include="task_scheduler\delayed_task_manager.h">
      <Filter>task_scheduler</Filter>
    </ClInclude>
    <ClInclude Include="task_scheduler\environment_config.h">
      <Filter>task_scheduler</Filter>
    </ClInclude>
    <ClInclude Include="task_scheduler\initialization_util.h">
      <Filter>task_scheduler</Filter>
    </ClInclude>
    <ClInclude Include="task_scheduler\lazy_task_runner.h">
      <Filter>task_scheduler</Filter>
    </ClInclude>
    <ClInclude Include="task_scheduler\platform_native_worker_pool_win.h">
      <Filter>task_scheduler</Filter>
    </ClInclude>
    <ClInclude Include="task_scheduler\priority_queue.h">
      <Filter>task_scheduler</Filter>
    </ClInclude>
    <ClInclude Include="task_scheduler\scheduler_lock.h">
      <Filter>task_scheduler</Filter>
    </ClInclude>
    <ClInclude Include="task_scheduler\scheduler_lock_impl.h">
      <Filter>task_scheduler</Filter>
    </ClInclude>
    <ClInclude Include="task_scheduler\scheduler_single_thread_task_runner_manager.h">
      <Filter>task_scheduler</Filter>
    </ClInclude>
    <ClInclude Include="task_scheduler\scheduler_worker.h">
      <Filter>task_scheduler</Filter>
    </ClInclude>
    <ClInclude Include="task_scheduler\scheduler_worker_params.h">
      <Filter>task_scheduler</Filter>
    </ClInclude>
    <ClInclude Include="task_scheduler\scheduler_worker_pool.h">
      <Filter>task_scheduler</Filter>
    </ClInclude>
    <ClInclude Include="task_scheduler\scheduler_worker_pool_impl.h">
      <Filter>task_scheduler</Filter>
    </ClInclude>
    <ClInclude Include="task_scheduler\scheduler_worker_pool_params.h">
      <Filter>task_scheduler</Filter>
    </ClInclude>
    <ClInclude Include="task_scheduler\scheduler_worker_stack.h">
      <Filter>task_scheduler</Filter>
    </ClInclude>
    <ClInclude Include="task_scheduler\scoped_set_task_priority_for_current_thread.h">
      <Filter>task_scheduler</Filter>
    </ClInclude>
    <ClInclude Include="task_scheduler\sequence.h">
      <Filter>task_scheduler</Filter>
    </ClInclude>
    <ClInclude Include="task_scheduler\sequence_sort_key.h">
      <Filter>task_scheduler</Filter>
    </ClInclude>
    <ClInclude Include="task_scheduler\service_thread.h">
      <Filter>task_scheduler</Filter>
    </ClInclude>
    <ClInclude Include="task_scheduler\single_thread_task_runner_thread_mode.h">
      <Filter>task_scheduler</Filter>
    </ClInclude>
    <ClInclude Include="task_scheduler\task_tracker.h">
      <Filter>task_scheduler</Filter>
    </ClInclude>
    <ClInclude Include="task_scheduler\task.h">
      <Filter>task_scheduler</Filter>
    </ClInclude>
    <ClInclude Include="task_scheduler\scheduler_worker_observer.h">
      <Filter>task_scheduler</Filter>
    </ClInclude>
    <ClInclude Include="task_scheduler\tracked_ref.h">
      <Filter>task_scheduler</Filter>
    </ClInclude>
    <ClInclude Include="win\com_init_check_hook.h">
      <Filter>win</Filter>
    </ClInclude>
    <ClInclude Include="win\com_init_util.h">
      <Filter>win</Filter>
    </ClInclude>
    <ClInclude Include="win\scoped_winrt_initializer.h">
      <Filter>win</Filter>
    </ClInclude>
  </ItemGroup>
  <ItemGroup>
    <Filter Include="atomic">
      <UniqueIdentifier>{37f33e22-7095-4521-b16c-31262e553c98}</UniqueIdentifier>
    </Filter>
    <Filter Include="win">
      <UniqueIdentifier>{d09a83c6-fd63-4a7b-9edc-e567878030c4}</UniqueIdentifier>
    </Filter>
    <Filter Include="strings">
      <UniqueIdentifier>{1071cdab-0005-4a1f-8875-8314a9821ff5}</UniqueIdentifier>
    </Filter>
    <Filter Include="memory">
      <UniqueIdentifier>{2f0df700-ff2b-4071-9387-d23e903457bf}</UniqueIdentifier>
    </Filter>
    <Filter Include="third_party">
      <UniqueIdentifier>{fd4e4809-b5f0-42bc-b8aa-0e94ac2e0eb0}</UniqueIdentifier>
    </Filter>
    <Filter Include="third_party\icu">
      <UniqueIdentifier>{713df951-f887-404e-8271-f41d33c69ebe}</UniqueIdentifier>
    </Filter>
    <Filter Include="numerics">
      <UniqueIdentifier>{e5fcaf3b-b424-4956-9f5b-2ba1a1ec6654}</UniqueIdentifier>
    </Filter>
    <Filter Include="threading">
      <UniqueIdentifier>{f9a5c5b0-9297-4c07-a975-7da05e736f93}</UniqueIdentifier>
    </Filter>
    <Filter Include="third_party\double-conversion">
      <UniqueIdentifier>{bd375144-d623-424f-97b4-506a30dbc957}</UniqueIdentifier>
    </Filter>
    <Filter Include="debug">
      <UniqueIdentifier>{a9688e5c-a758-4ec8-8356-0d5ee25d86cf}</UniqueIdentifier>
    </Filter>
    <Filter Include="synchronization">
      <UniqueIdentifier>{b3a8b9f2-0827-44d7-a4e4-9c13ed0309f9}</UniqueIdentifier>
    </Filter>
    <Filter Include="functional">
      <UniqueIdentifier>{ccc498de-6db4-49d2-97a7-0ada55e2a3c7}</UniqueIdentifier>
    </Filter>
    <Filter Include="third_party\nspr">
      <UniqueIdentifier>{7a83040e-4972-45ed-a8f9-37c4952b15d5}</UniqueIdentifier>
    </Filter>
    <Filter Include="time">
      <UniqueIdentifier>{70b4ec96-7904-488e-a21e-ec2a093a1677}</UniqueIdentifier>
    </Filter>
    <Filter Include="containers">
      <UniqueIdentifier>{9ea72394-92bd-4db8-b895-d1beb81c8fb4}</UniqueIdentifier>
    </Filter>
    <Filter Include="third_party\superfasthash">
      <UniqueIdentifier>{3d4b8bcc-b8f9-4d62-bddf-3d71aa0e1fce}</UniqueIdentifier>
    </Filter>
    <Filter Include="files">
      <UniqueIdentifier>{1dd50ba2-ba66-4c20-9672-b8c02cb77620}</UniqueIdentifier>
    </Filter>
    <Filter Include="messagel_loop">
      <UniqueIdentifier>{a43f995d-3d40-43c8-9ea4-f90fe9f90ffd}</UniqueIdentifier>
    </Filter>
    <Filter Include="process">
      <UniqueIdentifier>{cdbd04a7-bcb9-4e29-b6bc-265da3795a59}</UniqueIdentifier>
    </Filter>
    <Filter Include="timer">
      <UniqueIdentifier>{3bd05ead-b7bc-4132-b999-804c85cc6c92}</UniqueIdentifier>
    </Filter>
    <Filter Include="system">
      <UniqueIdentifier>{c8f29a65-aebe-4cb8-a987-6d4993b8ffb1}</UniqueIdentifier>
    </Filter>
    <Filter Include="json">
      <UniqueIdentifier>{c4308fb8-3836-4cd1-803e-6c513ea030a4}</UniqueIdentifier>
    </Filter>
    <Filter Include="power_monitor">
      <UniqueIdentifier>{89502c83-8823-4749-8e7d-8aeddf21d9d9}</UniqueIdentifier>
    </Filter>
    <Filter Include="crypto">
      <UniqueIdentifier>{f5e0c3b8-d5c4-4721-a0e1-c208b2cf2a9a}</UniqueIdentifier>
    </Filter>
    <Filter Include="endecode">
      <UniqueIdentifier>{56f0b7b2-ad63-4452-a63c-e5b705c3658b}</UniqueIdentifier>
    </Filter>
    <Filter Include="third_party\modp_b64">
      <UniqueIdentifier>{58cf33b1-a373-4ad3-bcdf-2898dd81be60}</UniqueIdentifier>
    </Filter>
    <Filter Include="task_scheduler">
      <UniqueIdentifier>{6f549817-7710-43a3-8680-3c4117d8acd1}</UniqueIdentifier>
    </Filter>
  </ItemGroup>
</Project>